# This file was autogenerated by uv via the following command:
#    uv export --format requirements-txt --no-dev --output-file requirements.lock
-e .
aiosqlite==0.22.1 \
    --hash=sha256:043e0bd78d32888c0a9ca90fc788b38796843360c855a7262a532813133a0650 \
    --hash=sha256:21c002eb13823fad740196c5a2e9d8e62f6243bd9e7e4a1f87fb5e44ecb4fceb
    # via pyronext
anyio==4.12.1 \
    --hash=sha256:41cfcc3a4c85d3f05c932da7c26d0201ac36f72abd4435ba90d0464a3ffed703 \
    --hash=sha256:d405828884fc140aa80a3c667b8beed277f1dfedec42ba031bd6ac3db606ab6c
    # via pyronext
dnspython==2.8.0 \
    --hash=sha256:01d9bbc4a2d76bf0db7c1f729812ded6d912bd318d3b1cf81d30c0f845dbf3af \
    --hash=sha256:181d3c6996452cb1189c4046c61599b84a5a86e099562ffde77d26984ff26d0f
    # via pymongo
electrocrypto==2.0.2 \
    --hash=sha256:01bf402d59adee8e26974772258445c83641cf4d208d4a32855051293b43aa28 \
    --hash=sha256:08ec03075f328706501cd232d097978e27fafcab342e8c6a361a35d40d3851b8 \
    --hash=sha256:0b6efb3436133b60fc734a05c373efffb6106eef733afcc81247d01e041ae607 \
    --hash=sha256:0d4f1be3a91fbd2973f4de20cbc16c157bd5069fa8bebf28511d23e51b7800e2 \
    --hash=sha256:0f0194b44927aef240cebb298789d69415f0c35dbd0c3236efc09e6ca9a45e99 \
    --hash=sha256:111421aeaa889b58c2da13a404e92e8563bb2138f93cb1defa8ced4eaf6f8224 \
    --hash=sha256:123617e74468b29d3870e0bfc77027357da35533b6a51bf2fbdd32a8fa831988 \
    --hash=sha256:12f941c416658c1c73c5ac8a4bdb822b69ee20aaf9390a5af5ed549e8d7801ed \
    --hash=sha256:183f804a9f32e44dd5b1a435e1c7de0b2d87930e5ec6957973fb999dbcf4bc35 \
    --hash=sha256:1a87d5df3986f715316507a508968632a3b893f73596cacca0054245e37ff3ed \
    --hash=sha256:1b22b0d88ffe8936f135359aeb2e5441705d1a69d41587d449b0e1812f204d51 \
    --hash=sha256:2080a848f27233905d85dbd0e2c01ee608a5e6470189cb6230bb72d7da226f01 \
    --hash=sha256:2a34c98a7a3d620ef428600fdb7a23ce0b44c459a125beb93af69c8d6fe60891 \
    --hash=sha256:30c18e25b360c0825d5b372d12325242b51bc781f8163194df8db8504cb01ca2 \
    --hash=sha256:364fa6fe5c0313226825a0644f0891629a43f5a36c2658e1015f59051bcf8ead \
    --hash=sha256:3dba52e6d3330818729e230c07d0f302dd3f10aff2d1f1d0a252ff346596c0eb \
    --hash=sha256:40aac38a55ccaca24fb0f451dfcbb3feda4be81d6792c1c8281027a743b6f4fb \
    --hash=sha256:43c69cb6242920b5f724ad99f480ad4277a22d063a63574cc03c9ab7241f8d55 \
    --hash=sha256:4691f2e40542c0b202bfa76baf74a6d402d7fa0fe16496ba640a8a97a5f02141 \
    --hash=sha256:46f5c348ddeb9d22d697dad605aea69e472a22bb41ed13ace4fa553a9e27de25 \
    --hash=sha256:4a9c9ad57db80925e392d7924017b6e85487b185c57fab29684282022d2b635b \
    --hash=sha256:4fb7b4b6a371dc249c32e54be36920b7c2052a4d09a0d63291c405990cbd4f55 \
    --hash=sha256:547840c158442f3b2dcfdc43edb894643167354a2be0a7e1a091b38a2d266a33 \
    --hash=sha256:603817e90a1c89881894bbad0aa987dbb4571f7925ae55929d41afe6068c3c8c \
    --hash=sha256:6089d76c6e6498ee010639e2f2238aebee85a3fc2b32200416dc02cd3416b208 \
    --hash=sha256:649bedf010707e248b31e3bb78151b879aa8d1eeffd58443c8cbc1b260865c3d \
    --hash=sha256:6650164aea4dd69d7d1dfb5f51b3ad58946eb4984390a278424a2b59b5e843b4 \
    --hash=sha256:669d5fd03560ee524903093e06c753c66182eaed5f2ac3cf1ee83abc72863327 \
    --hash=sha256:68141ba4ba34f9c4e7eb399a37c06e61db2196d71522610d4a2349d4c723564e \
    --hash=sha256:6a54f8e754c5a7234257df9af4788a9ab9c7038c855e4aa5ad91600ac72c2ffc \
    --hash=sha256:6c76c49d0cc70781a619ce0608b7aff338ccf95e4c2e50aa19b2fcebfc86e766 \
    --hash=sha256:6c8bc0107403b15a3fef210debec1ce82240c0226d4be742a4f3ed237aa83ee2 \
    --hash=sha256:70776cd464f1abcb0528d29c64a34a885699919dd4de0c684410cffe9364f673 \
    --hash=sha256:7155808a720909ae543f01afdd7267ec9ad0bd53191e2f124c8bacee4c8004c4 \
    --hash=sha256:7bc4c3c0857e4785d25b2c99371254e0c418ec91941c3967f0df1c825207596e \
    --hash=sha256:7dc9520d902ed0091967ad5ab6d86be6eb88a51d7473e3c4145654fb5b451682 \
    --hash=sha256:816183a2cf3fe48d6837f814df8ea660dbe652a86a7d263f481b05ffa1c625eb \
    --hash=sha256:83e2dd8380336775bb7160344866d31f8787d1d5165df070a5954caa77846a64 \
    --hash=sha256:87ed1b9016d605d48d03f67c47e9365a53d8c3884a18618deb19c2b29a82f969 \
    --hash=sha256:94b2b804e11ddb15f33b48bc98b10dd0c5f70e0cb6fe3cb839f9ed1f10e9a499 \
    --hash=sha256:a1353c09b2af29466a29906c41b8c496f5bb0c3c9b4c9424f88b56f6fca113ec \
    --hash=sha256:a38b888664b95d8d26386ccc9f4db28e2b34cd1946509aa6ed86147f31cf0937 \
    --hash=sha256:a64e8c6545c54ced10bd2ef7987e3c800b29f045aad48a251ccf3ecc504e1bdf \
    --hash=sha256:a6a71a69fe12b014f2030cdf7403718d309a3167a7ef87bca3cf186684feff9a \
    --hash=sha256:ac72eee483fc38b0b07e713332383093b802e31f28c654d36e47ef3d1700e316 \
    --hash=sha256:af7f35b5a524104ee0360d58c16eae8d34039cfff11d03da142ecf249de3ad77 \
    --hash=sha256:b9539c50113340f3c2a374cacd8beda85d27b16c2139e6fb1a4209a7c0d59c90 \
    --hash=sha256:c526f7d0eca3b597c73111ed4c50942f3093cf4216e15ca32098835f12eb3418 \
    --hash=sha256:c5fca5dd03f78d79adc13f1e8dd57dbea1e16bcfd6628c862a2fa127b69ffa50 \
    --hash=sha256:cf9286771ec14c957031aea17e89c48b1c24ffff37573fc37d36b9746c2a81cf \
    --hash=sha256:d3e25abc571e7ea110a3c940c24930aaa21363667a1d00cfb877ff1b604125a6 \
    --hash=sha256:d5b0b634768f4a7cdc8a299256956057ba702dd4ef337012b29c37cad0ff4ddd \
    --hash=sha256:d7c98aa1b1f5b8101d91ab6dff7d0c2f094e2c048b69bda5345a6caa7e2056c6 \
    --hash=sha256:e0f49268beaf30d354949e441130bab3f2f0df4ced090760e6a403f993befafc \
    --hash=sha256:e3ea09bac7d00fec443da1d465073c629b7b6a0247c1fbf886d33dc5bf0ea96e \
    --hash=sha256:e43db41749aa0e301249fc948a4bcbadd84c1833b6b045b686b4e54bbf106568 \
    --hash=sha256:eae9ac15e22ce48a0aa080453ec18c2d6187f8414686342be655c6f032f527bb \
    --hash=sha256:eb67995cee37fbf1044e33792ed6d2fa990818c6cb70a909a1bd24ace506b764 \
    --hash=sha256:f525297b7dd4cb68f3ef085ff668063ced138e729b478088fd7fd346c27322eb \
    --hash=sha256:fa92068abee9c7afde1e9c67253fb6a547d7f981ea7da5dc45f688e056b57499 \
    --hash=sha256:fd68085fc4bb70bad76a1bd87c7d5dee1ac5ab7568ea931b3fddaf6468afbdf9 \
    --hash=sha256:ff8bbeeb35ac9b0728a9c444f1938e3c73301d2fbc5e9d4dfd8e03f4a2beb092
    # via pyronext
exceptiongroup==1.3.1 ; python_full_version < '3.11' \
    --hash=sha256:8b412432c6055b0b7d14c310000ae93352ed6754f70fa8f7c34141f91c4e3219 \
    --hash=sha256:a7a39a3bd276781e98394987d3a5701d0c4edffb633bb7a5144577f82c773598
    # via anyio
idna==3.11 \
    --hash=sha256:771a87f49d9defaf64091e6e6fe9c18d4833f140bd19464795bc32d966ca37ea \
    --hash=sha256:795dafcc9c04ed0c1fb032c2aa73654d8e8c5023a7df64a53f39190ada629902
    # via anyio
pymediainfo==7.0.1 \
    --hash=sha256:01bcaf82b72cefbf4b96f13b2547e1b2e0e734bab7173d7c33f7f01acc07c98b \
    --hash=sha256:0d5df59ecc615e24c56f303b8f651579c6accab7265715e5d429186d7ba21514 \
    --hash=sha256:13224fa7590e198763b8baf072e704ea81d334e71aa32a469091460e243893c7 \
    --hash=sha256:286f3bf6299be0997093254e0f371855bc5cf2aaf8641d19455a011e3ee3a84d \
    --hash=sha256:3648e2379fa67bd02433d1e28c707df3a53834dd480680615a9fefd2266f1182 \
    --hash=sha256:cde98112f1ce486589b17a12e5da42085faea996224f7c67fa45b8c1dca719c6
    # via pyronext
pymongo==4.16.0 \
    --hash=sha256:12762e7cc0f8374a8cae3b9f9ed8dabb5d438c7b33329232dd9b7de783454033 \
    --hash=sha256:19a1c96e7f39c7a59a9cfd4d17920cf9382f6f684faeff4649bf587dc59f8edc \
    --hash=sha256:1c01e8a7cd0ea66baf64a118005535ab5bf9f9eb63a1b50ac3935dccf9a54abe \
    --hash=sha256:1d638b0b1b294d95d0fdc73688a3b61e05cc4188872818cd240d51460ccabcb5 \
    --hash=sha256:21d02cc10a158daa20cb040985e280e7e439832fc6b7857bff3d53ef6914ad50 \
    --hash=sha256:2290909275c9b8f637b0a92eb9b89281e18a72922749ebb903403ab6cc7da914 \
    --hash=sha256:25a6b03a68f9907ea6ec8bc7cf4c58a1b51a18e23394f962a6402f8e46d41211 \
    --hash=sha256:2b0714d7764efb29bf9d3c51c964aed7c4c7237b341f9346f15ceaf8321fdb35 \
    --hash=sha256:2cd60cd1e05de7f01927f8e25ca26b3ea2c09de8723241e5d3bcfdc70eaff76b \
    --hash=sha256:2d0082631a7510318befc2b4fdab140481eb4b9dd62d9245e042157085da2a70 \
    --hash=sha256:311d4549d6bf1f8c61d025965aebb5ba29d1481dc6471693ab91610aaffbc0eb \
    --hash=sha256:36ef2fee50eee669587d742fb456e349634b4fcf8926208766078b089054b24b \
    --hash=sha256:3ead8a0050c53eaa55935895d6919d393d0328ec24b2b9115bdbe881aa222673 \
    --hash=sha256:46ffb728d92dd5b09fc034ed91acf5595657c7ca17d4cf3751322cd554153c17 \
    --hash=sha256:4a19ea46a0fe71248965305a020bc076a163311aefbaa1d83e47d06fa30ac747 \
    --hash=sha256:4a9390dce61d705a88218f0d7b54d7e1fa1b421da8129fc7c009e029a9a6b81e \
    --hash=sha256:4c4872299ebe315a79f7f922051061634a64fda95b6b17677ba57ef00b2ba2a4 \
    --hash=sha256:4d4f7ba040f72a9f43a44059872af5a8c8c660aa5d7f90d5344f2ed1c3c02721 \
    --hash=sha256:4d79aa147ce86aef03079096d83239580006ffb684eead593917186aee407767 \
    --hash=sha256:4fbb8d3552c2ad99d9e236003c0b5f96d5f05e29386ba7abae73949bfebc13dd \
    --hash=sha256:55f8d5a6fe2fa0b823674db2293f92d74cd5f970bc0360f409a1fc21003862d3 \
    --hash=sha256:5b9c6d689bbe5beb156374508133218610e14f8c81e35bc17d7a14e30ab593e6 \
    --hash=sha256:5d9fdb386cf958e6ef6ff537d6149be7edb76c3268cd6833e6c36aa447e4443f \
    --hash=sha256:60307bb91e0ab44e560fe3a211087748b2b5f3e31f403baf41f5b7b0a70bd104 \
    --hash=sha256:61567f712bda04c7545a037e3284b4367cad8d29b3dec84b4bf3b2147020a75b \
    --hash=sha256:6af1aaa26f0835175d2200e62205b78e7ec3ffa430682e322cc91aaa1a0dbf28 \
    --hash=sha256:6b2a20edb5452ac8daa395890eeb076c570790dfce6b7a44d788af74c2f8cf96 \
    --hash=sha256:6f2077ec24e2f1248f9cac7b9a2dfb894e50cc7939fcebfb1759f99304caabef \
    --hash=sha256:77cfd37a43a53b02b7bd930457c7994c924ad8bbe8dff91817904bcbf291b371 \
    --hash=sha256:78037d02389745e247fe5ab0bcad5d1ab30726eaac3ad79219c7d6bbb07eec53 \
    --hash=sha256:85dc2f3444c346ea019a371e321ac868a4fab513b7a55fe368f0cc78de8177cc \
    --hash=sha256:8a0f73af1ea56c422b2dcfc0437459148a799ef4231c6aee189d2d4c59d6728f \
    --hash=sha256:8a254d49a9ffe9d7f888e3c677eed3729b14ce85abb08cd74732cead6ccc3c66 \
    --hash=sha256:8ba8405065f6e258a6f872fe62d797a28f383a12178c7153c01ed04e845c600c \
    --hash=sha256:91899dd7fb9a8c50f09c3c1cf0cb73bfbe2737f511f641f19b9650deb61c00ca \
    --hash=sha256:91ac0cb0fe2bf17616c2039dac88d7c9a5088f5cb5829b27c9d250e053664d31 \
    --hash=sha256:92a232af9927710de08a6c16a9710cc1b175fb9179c0d946cd4e213b92b2a69a \
    --hash=sha256:948152b30eddeae8355495f9943a3bf66b708295c0b9b6f467de1c620f215487 \
    --hash=sha256:9caacac0dd105e2555521002e2d17afc08665187017b466b5753e84c016628e6 \
    --hash=sha256:9d9885aad05f82fd7ea0c9ca505d60939746b39263fa273d0125170da8f59098 \
    --hash=sha256:9dc2c00bed568732b89e211b6adca389053d5e6d2d5a8979e80b813c3ec4d1f9 \
    --hash=sha256:a1bf44e13cf2d44d2ea2e928a8140d5d667304abe1a61c4d55b4906f389fbe64 \
    --hash=sha256:aa30cd16ddd2f216d07ba01d9635c873e97ddb041c61cf0847254edc37d1c60e \
    --hash=sha256:acda193f440dd88c2023cb00aa8bd7b93a9df59978306d14d87a8b12fe426b05 \
    --hash=sha256:bd4911c40a43a821dfd93038ac824b756b6e703e26e951718522d29f6eb166a8 \
    --hash=sha256:be1099a8295b1a722d03fb7b48be895d30f4301419a583dcf50e9045968a041c \
    --hash=sha256:c126fb72be2518395cc0465d4bae03125119136462e1945aea19840e45d89cfc \
    --hash=sha256:c53338613043038005bf2e41a2fafa08d29cdbc0ce80891b5366c819456c1ae9 \
    --hash=sha256:c789236366525c3ee3cd6e4e450a9ff629a7d1f4d88b8e18a0aea0615fd7ecf8 \
    --hash=sha256:cf0ec79e8ca7077f455d14d915d629385153b6a11abc0b93283ed73a8013e376 \
    --hash=sha256:d15f060bc6d0964a8bb70aba8f0cb6d11ae99715438f640cff11bbcf172eb0e8 \
    --hash=sha256:dabbf3c14de75a20cc3c30bf0c6527157224a93dfb605838eabb1a2ee3be008d \
    --hash=sha256:dbbc5b254c36c37d10abb50e899bc3939bbb7ab1e7c659614409af99bd3e7675 \
    --hash=sha256:dfc320f08ea9a7ec5b2403dc4e8150636f0d6150f4b9792faaae539c88e7db3b \
    --hash=sha256:ed162b2227f98d5b270ecbe1d53be56c8c81db08a1a8f5f02d89c7bb4d19591d \
    --hash=sha256:efe020c46ce3c3a89af6baec6569635812129df6fb6cf76d4943af3ba6ee2069 \
    --hash=sha256:f1c5f1f818b669875d191323a48912d3fcd2e4906410e8297bb09ac50c4d5ccc \
    --hash=sha256:f25001a955073b80510c0c3db0e043dbbc36904fd69e511c74e3d8640b8a5111 \
    --hash=sha256:f3867dc225d9423c245a51eaac2cfcd53dde8e0a8d8090bb6aed6e31bd6c2d4f \
    --hash=sha256:f513b2c6c0d5c491f478422f6b5b5c27ac1af06a54c93ef8631806f7231bd92e \
    --hash=sha256:f6e42c1bc985d9beee884780ae6048790eb4cd565c46251932906bdb1630034a
    # via pyronext
pysocks==1.7.1 \
    --hash=sha256:2725bd0a9925919b9b51739eea5f9e2bae91e83288108a9ad338b2e3a4435ee5 \
    --hash=sha256:3f8804571ebe159c380ac6de37643bb4685970655d3bba243530d6558b799aa0
    # via pyronext
typing-extensions==4.15.0 ; python_full_version < '3.13' \
    --hash=sha256:0cea48d173cc12fa28ecabc3b837ea3cf6f38c6d1136f85cbaaf598984861466 \
    --hash=sha256:f0fa19c6845758ab08074a0cfa8b7aecb71c999ca73d62883bc25cc018c4e548
    # via
    #   anyio
    #   exceptiongroup
